
Microsoft Visual Studio Solution File, Format Version 12.00
# Visual Studio Version 17
VisualStudioVersion = 17.1.32328.378
MinimumVisualStudioVersion = 10.0.40219.1
Project("{FAE04EC0-301F-11D3-BF4B-00C04F79EFBC}") = "KalpitaTicketingTool", "KalpitaTicketingTool\KalpitaTicketingTool.csproj", "{EE3E72A2-12D9-4FBA-BB3A-A28C56496D5B}"
EndProject
Project("{FAE04EC0-301F-11D3-BF4B-00C04F79EFBC}") = "KTS.DependencyInjection", "KTSDependencyInjection\KTS.DependencyInjection.csproj", "{ADB0F534-C8CC-41A0-B125-5F0C29A76104}"
EndProject
Project("{FAE04EC0-301F-11D3-BF4B-00C04F79EFBC}") = "KTS.Framework", "KTSFramework\KTS.Framework.csproj", "{0CB7004A-CE16-4F28-B2C2-D842512251AD}"
EndProject
Project("{FAE04EC0-301F-11D3-BF4B-00C04F79EFBC}") = "KTS.Models", "KTSModels\KTS.Models.csproj", "{FAA1CAEB-1F16-483D-8B1B-C4A72887A9FE}"
EndProject
Project("{FAE04EC0-301F-11D3-BF4B-00C04F79EFBC}") = "KTS.Repository", "KTSRepository\KTS.Repository.csproj", "{8781C9B9-C410-4709-8FD2-EF73CFD2692E}"
EndProject
Project("{FAE04EC0-301F-11D3-BF4B-00C04F79EFBC}") = "KTS.Service", "KTSService\KTS.Service.csproj", "{B2CA3824-479D-47B5-9DA4-CA641E1E777D}"
EndProject
Global
	GlobalSection(SolutionConfigurationPlatforms) = preSolution
		Debug|Any CPU = Debug|Any CPU
		Release|Any CPU = Release|Any CPU
	EndGlobalSection
	GlobalSection(ProjectConfigurationPlatforms) = postSolution
		{EE3E72A2-12D9-4FBA-BB3A-A28C56496D5B}.Debug|Any CPU.ActiveCfg = Debug|Any CPU
		{EE3E72A2-12D9-4FBA-BB3A-A28C56496D5B}.Debug|Any CPU.Build.0 = Debug|Any CPU
		{EE3E72A2-12D9-4FBA-BB3A-A28C56496D5B}.Release|Any CPU.ActiveCfg = Release|Any CPU
		{EE3E72A2-12D9-4FBA-BB3A-A28C56496D5B}.Release|Any CPU.Build.0 = Release|Any CPU
		{ADB0F534-C8CC-41A0-B125-5F0C29A76104}.Debug|Any CPU.ActiveCfg = Debug|Any CPU
		{ADB0F534-C8CC-41A0-B125-5F0C29A76104}.Debug|Any CPU.Build.0 = Debug|Any CPU
		{ADB0F534-C8CC-41A0-B125-5F0C29A76104}.Release|Any CPU.ActiveCfg = Release|Any CPU
		{ADB0F534-C8CC-41A0-B125-5F0C29A76104}.Release|Any CPU.Build.0 = Release|Any CPU
		{0CB7004A-CE16-4F28-B2C2-D842512251AD}.Debug|Any CPU.ActiveCfg = Debug|Any CPU
		{0CB7004A-CE16-4F28-B2C2-D842512251AD}.Debug|Any CPU.Build.0 = Debug|Any CPU
		{0CB7004A-CE16-4F28-B2C2-D842512251AD}.Release|Any CPU.ActiveCfg = Release|Any CPU
		{0CB7004A-CE16-4F28-B2C2-D842512251AD}.Release|Any CPU.Build.0 = Release|Any CPU
		{FAA1CAEB-1F16-483D-8B1B-C4A72887A9FE}.Debug|Any CPU.ActiveCfg = Debug|Any CPU
		{FAA1CAEB-1F16-483D-8B1B-C4A72887A9FE}.Debug|Any CPU.Build.0 = Debug|Any CPU
		{FAA1CAEB-1F16-483D-8B1B-C4A72887A9FE}.Release|Any CPU.ActiveCfg = Release|Any CPU
		{FAA1CAEB-1F16-483D-8B1B-C4A72887A9FE}.Release|Any CPU.Build.0 = Release|Any CPU
		{8781C9B9-C410-4709-8FD2-EF73CFD2692E}.Debug|Any CPU.ActiveCfg = Debug|Any CPU
		{8781C9B9-C410-4709-8FD2-EF73CFD2692E}.Debug|Any CPU.Build.0 = Debug|Any CPU
		{8781C9B9-C410-4709-8FD2-EF73CFD2692E}.Release|Any CPU.ActiveCfg = Release|Any CPU
		{8781C9B9-C410-4709-8FD2-EF73CFD2692E}.Release|Any CPU.Build.0 = Release|Any CPU
		{B2CA3824-479D-47B5-9DA4-CA641E1E777D}.Debug|Any CPU.ActiveCfg = Debug|Any CPU
		{B2CA3824-479D-47B5-9DA4-CA641E1E777D}.Debug|Any CPU.Build.0 = Debug|Any CPU
		{B2CA3824-479D-47B5-9DA4-CA641E1E777D}.Release|Any CPU.ActiveCfg = Release|Any CPU
		{B2CA3824-479D-47B5-9DA4-CA641E1E777D}.Release|Any CPU.Build.0 = Release|Any CPU
	EndGlobalSection
	GlobalSection(SolutionProperties) = preSolution
		HideSolutionNode = FALSE
	EndGlobalSection
	GlobalSection(ExtensibilityGlobals) = postSolution
		SolutionGuid = {676D8B97-B718-4B7B-B3E8-C7349A0BF93C}
	EndGlobalSection
EndGlobal
